
Microsoft Visual Studio Solution File, Format Version 12.00
# Visual Studio Version 17
VisualStudioVersion = 17.13.35913.81 d17.13
MinimumVisualStudioVersion = 10.0.40219.1
Project("{FAE04EC0-301F-11D3-BF4B-00C04F79EFBC}") = "SaptcoQrPaymentCore", "SaptcoQrPaymentCore\SaptcoQrPaymentCore.csproj", "{F53E97C1-BB1B-4AA1-9006-352AFEF8AD09}"
EndProject
Global
	GlobalSection(SolutionConfigurationPlatforms) = preSolution
		Debug|Any CPU = Debug|Any CPU
		Release|Any CPU = Release|Any CPU
	EndGlobalSection
	GlobalSection(ProjectConfigurationPlatforms) = postSolution
		{F53E97C1-BB1B-4AA1-9006-352AFEF8AD09}.Debug|Any CPU.ActiveCfg = Debug|Any CPU
		{F53E97C1-BB1B-4AA1-9006-352AFEF8AD09}.Debug|Any CPU.Build.0 = Debug|Any CPU
		{F53E97C1-BB1B-4AA1-9006-352AFEF8AD09}.Release|Any CPU.ActiveCfg = Release|Any CPU
		{F53E97C1-BB1B-4AA1-9006-352AFEF8AD09}.Release|Any CPU.Build.0 = Release|Any CPU
	EndGlobalSection
	GlobalSection(SolutionProperties) = preSolution
		HideSolutionNode = FALSE
	EndGlobalSection
	GlobalSection(ExtensibilityGlobals) = postSolution
		SolutionGuid = {0AE92F7A-B06D-4DB3-A63D-61AC849EBA36}
	EndGlobalSection
EndGlobal
